
Microsoft Visual Studio Solution File, Format Version 12.00
# Visual Studio Version 17
VisualStudioVersion = 17.3.32901.215
MinimumVisualStudioVersion = 10.0.40219.1
Project("{FAE04EC0-301F-11D3-BF4B-00C04F79EFBC}") = "T8_1253622_BT", "T8_1253622_BT\T8_1253622_BT.csproj", "{007F6D79-D9ED-4DEA-B055-EB22B7592944}"
EndProject
Global
	GlobalSection(SolutionConfigurationPlatforms) = preSolution
		Debug|Any CPU = Debug|Any CPU
		Release|Any CPU = Release|Any CPU
	EndGlobalSection
	GlobalSection(ProjectConfigurationPlatforms) = postSolution
		{007F6D79-D9ED-4DEA-B055-EB22B7592944}.Debug|Any CPU.ActiveCfg = Debug|Any CPU
		{007F6D79-D9ED-4DEA-B055-EB22B7592944}.Debug|Any CPU.Build.0 = Debug|Any CPU
		{007F6D79-D9ED-4DEA-B055-EB22B7592944}.Release|Any CPU.ActiveCfg = Release|Any CPU
		{007F6D79-D9ED-4DEA-B055-EB22B7592944}.Release|Any CPU.Build.0 = Release|Any CPU
	EndGlobalSection
	GlobalSection(SolutionProperties) = preSolution
		HideSolutionNode = FALSE
	EndGlobalSection
	GlobalSection(ExtensibilityGlobals) = postSolution
		SolutionGuid = {8021E2C8-2CDD-4988-9049-3B4A4C68AE01}
	EndGlobalSection
EndGlobal
