
Microsoft Visual Studio Solution File, Format Version 12.00
# Visual Studio Version 17
VisualStudioVersion = 17.3.32901.215
MinimumVisualStudioVersion = 10.0.40219.1
Project("{FAE04EC0-301F-11D3-BF4B-00C04F79EFBC}") = "L8P3_1253622", "L8P3_1253622\L8P3_1253622.csproj", "{D4620E8F-042C-4FF6-BB35-EE5ADD6573CC}"
EndProject
Global
	GlobalSection(SolutionConfigurationPlatforms) = preSolution
		Debug|Any CPU = Debug|Any CPU
		Release|Any CPU = Release|Any CPU
	EndGlobalSection
	GlobalSection(ProjectConfigurationPlatforms) = postSolution
		{D4620E8F-042C-4FF6-BB35-EE5ADD6573CC}.Debug|Any CPU.ActiveCfg = Debug|Any CPU
		{D4620E8F-042C-4FF6-BB35-EE5ADD6573CC}.Debug|Any CPU.Build.0 = Debug|Any CPU
		{D4620E8F-042C-4FF6-BB35-EE5ADD6573CC}.Release|Any CPU.ActiveCfg = Release|Any CPU
		{D4620E8F-042C-4FF6-BB35-EE5ADD6573CC}.Release|Any CPU.Build.0 = Release|Any CPU
	EndGlobalSection
	GlobalSection(SolutionProperties) = preSolution
		HideSolutionNode = FALSE
	EndGlobalSection
	GlobalSection(ExtensibilityGlobals) = postSolution
		SolutionGuid = {945C5048-7B2A-4A07-BD51-E163DAF76939}
	EndGlobalSection
EndGlobal
