
Microsoft Visual Studio Solution File, Format Version 12.00
# Visual Studio Version 17
VisualStudioVersion = 17.3.32901.215
MinimumVisualStudioVersion = 10.0.40219.1
Project("{FAE04EC0-301F-11D3-BF4B-00C04F79EFBC}") = "P1_BryantTo_1253622", "P1_BryantTo_1253622\P1_BryantTo_1253622.csproj", "{53001322-BD4B-435B-B050-D3E6D9D0B47A}"
EndProject
Global
	GlobalSection(SolutionConfigurationPlatforms) = preSolution
		Debug|Any CPU = Debug|Any CPU
		Release|Any CPU = Release|Any CPU
	EndGlobalSection
	GlobalSection(ProjectConfigurationPlatforms) = postSolution
		{53001322-BD4B-435B-B050-D3E6D9D0B47A}.Debug|Any CPU.ActiveCfg = Debug|Any CPU
		{53001322-BD4B-435B-B050-D3E6D9D0B47A}.Debug|Any CPU.Build.0 = Debug|Any CPU
		{53001322-BD4B-435B-B050-D3E6D9D0B47A}.Release|Any CPU.ActiveCfg = Release|Any CPU
		{53001322-BD4B-435B-B050-D3E6D9D0B47A}.Release|Any CPU.Build.0 = Release|Any CPU
	EndGlobalSection
	GlobalSection(SolutionProperties) = preSolution
		HideSolutionNode = FALSE
	EndGlobalSection
	GlobalSection(ExtensibilityGlobals) = postSolution
		SolutionGuid = {463C2F21-33DC-4DCA-A2C8-0A70CECCB5C2}
	EndGlobalSection
EndGlobal
